gitlab.com/carmelo0x99/halibut-hugo-theme v0.0.0-20230524094232-f90f1f566db0 h1:jpvkvvOdtdCq8KbXw8Fs1yThf19id0BeRruQ+AUdlE4=
gitlab.com/carmelo0x99/halibut-hugo-theme v0.0.0-20230524094232-f90f1f566db0/go.mod h1:D3m5YbW0ob3ISy4CiTAniPaY5xeA40iJwYH+ki4Y7Bc=
gitlab.com/carmelo0x99/halibut-hugo-theme v0.0.0-20230525064932-fcbcf7ca4622 h1:RP13sYSWCTlFR1uLlWhxq8MPGIsjwVxArUUrNr4ACa8=
gitlab.com/carmelo0x99/halibut-hugo-theme v0.0.0-20230525064932-fcbcf7ca4622/go.mod h1:D3m5YbW0ob3ISy4CiTAniPaY5xeA40iJwYH+ki4Y7Bc=
gitlab.com/carmelo0x99/halibut-hugo-theme v0.0.0-20230525160946-9459203dd018 h1:yXWwFs4KMHD3Nx5GqoWlh088LOj/cnFhp3jEJxFKT0s=
gitlab.com/carmelo0x99/halibut-hugo-theme v0.0.0-20230525160946-9459203dd018/go.mod h1:D3m5YbW0ob3ISy4CiTAniPaY5xeA40iJwYH+ki4Y7Bc=
